
Microsoft Visual Studio Solution File, Format Version 12.00
# Visual Studio 15
VisualStudioVersion = 15.0.27130.2036
MinimumVisualStudioVersion = 10.0.40219.1
Project("{FAE04EC0-301F-11D3-BF4B-00C04F79EFBC}") = "NCCRD.Database.Models", "NCCRD.Database.Models\NCCRD.Database.Models.csproj", "{356C4EE2-1F3A-4E87-9AD1-87C535D9D7E2}"
EndProject
Project("{FAE04EC0-301F-11D3-BF4B-00C04F79EFBC}") = "NCCRD.Database.Test.Console", "NCCRD.Database.Test.Console\NCCRD.Database.Test.Console.csproj", "{CCCD1829-3879-45D6-A241-861600768A36}"
EndProject
Project("{FAE04EC0-301F-11D3-BF4B-00C04F79EFBC}") = "NCCRD.Services.Data", "NCCRD.Services.Data\NCCRD.Services.Data.csproj", "{5192F35B-A4D0-4760-B5D3-1754C48D2847}"
EndProject
Project("{FAE04EC0-301F-11D3-BF4B-00C04F79EFBC}") = "NCCRD.Services.Data.Tests", "NCCRD.Services.Data.Tests\NCCRD.Services.Data.Tests.csproj", "{A527085F-10A8-4D1A-B767-FDE939FEF33B}"
EndProject
Global
	GlobalSection(SolutionConfigurationPlatforms) = preSolution
		Debug|Any CPU = Debug|Any CPU
		Release|Any CPU = Release|Any CPU
	EndGlobalSection
	GlobalSection(ProjectConfigurationPlatforms) = postSolution
		{356C4EE2-1F3A-4E87-9AD1-87C535D9D7E2}.Debug|Any CPU.ActiveCfg = Debug|Any CPU
		{356C4EE2-1F3A-4E87-9AD1-87C535D9D7E2}.Debug|Any CPU.Build.0 = Debug|Any CPU
		{356C4EE2-1F3A-4E87-9AD1-87C535D9D7E2}.Release|Any CPU.ActiveCfg = Release|Any CPU
		{356C4EE2-1F3A-4E87-9AD1-87C535D9D7E2}.Release|Any CPU.Build.0 = Release|Any CPU
		{CCCD1829-3879-45D6-A241-861600768A36}.Debug|Any CPU.ActiveCfg = Debug|Any CPU
		{CCCD1829-3879-45D6-A241-861600768A36}.Debug|Any CPU.Build.0 = Debug|Any CPU
		{CCCD1829-3879-45D6-A241-861600768A36}.Release|Any CPU.ActiveCfg = Release|Any CPU
		{CCCD1829-3879-45D6-A241-861600768A36}.Release|Any CPU.Build.0 = Release|Any CPU
		{5192F35B-A4D0-4760-B5D3-1754C48D2847}.Debug|Any CPU.ActiveCfg = Debug|Any CPU
		{5192F35B-A4D0-4760-B5D3-1754C48D2847}.Debug|Any CPU.Build.0 = Debug|Any CPU
		{5192F35B-A4D0-4760-B5D3-1754C48D2847}.Release|Any CPU.ActiveCfg = Release|Any CPU
		{5192F35B-A4D0-4760-B5D3-1754C48D2847}.Release|Any CPU.Build.0 = Release|Any CPU
		{A527085F-10A8-4D1A-B767-FDE939FEF33B}.Debug|Any CPU.ActiveCfg = Debug|Any CPU
		{A527085F-10A8-4D1A-B767-FDE939FEF33B}.Debug|Any CPU.Build.0 = Debug|Any CPU
		{A527085F-10A8-4D1A-B767-FDE939FEF33B}.Release|Any CPU.ActiveCfg = Release|Any CPU
		{A527085F-10A8-4D1A-B767-FDE939FEF33B}.Release|Any CPU.Build.0 = Release|Any CPU
	EndGlobalSection
	GlobalSection(SolutionProperties) = preSolution
		HideSolutionNode = FALSE
	EndGlobalSection
	GlobalSection(ExtensibilityGlobals) = postSolution
		SolutionGuid = {B4001310-BB6D-4177-A229-B5FDB700C27C}
	EndGlobalSection
EndGlobal
